// !$*UTF8*$!
{
	archiveVersion = 1;
	classes = {
	};
	objectVersion = 55;
	objects = {

/* Begin PBXBuildFile section */
		13448CF1B4CF0A5DA40AB4E7 /* Pods_Spotify_Clone.framework in Frameworks */ = {isa = PBXBuildFile; fileRef = 58BFD3D72065721F51934536 /* Pods_Spotify_Clone.framework */; };
		D737F49E2BE3CE9300230DA6 /* HomeViewController.swift in Sources */ = {isa = PBXBuildFile; fileRef = D737F49D2BE3CE9300230DA6 /* HomeViewController.swift */; };
		D737F4A82BE4202600230DA6 /* CustomCollectionViewCell.swift in Sources */ = {isa = PBXBuildFile; fileRef = D737F4A72BE4202600230DA6 /* CustomCollectionViewCell.swift */; };
		D737F4AA2BE4F34D00230DA6 /* SearchViewController.swift in Sources */ = {isa = PBXBuildFile; fileRef = D737F4A92BE4F34C00230DA6 /* SearchViewController.swift */; };
		D737F4AC2BE515CF00230DA6 /* Artist.swift in Sources */ = {isa = PBXBuildFile; fileRef = D737F4AB2BE515CF00230DA6 /* Artist.swift */; };
		D737F4AE2BE52EB900230DA6 /* HomeViewModel.swift in Sources */ = {isa = PBXBuildFile; fileRef = D737F4AD2BE52EB900230DA6 /* HomeViewModel.swift */; };
		D737F4B62BE90B7100230DA6 /* ThemeProtocol.swift in Sources */ = {isa = PBXBuildFile; fileRef = D737F4B52BE90B7100230DA6 /* ThemeProtocol.swift */; };
		D737F4B82BE90EE900230DA6 /* LightTheme.swift in Sources */ = {isa = PBXBuildFile; fileRef = D737F4B72BE90EE900230DA6 /* LightTheme.swift */; };
		D737F4BA2BE90EF700230DA6 /* DarkTheme.swift in Sources */ = {isa = PBXBuildFile; fileRef = D737F4B92BE90EF700230DA6 /* DarkTheme.swift */; };
		D737F4BD2BEA197A00230DA6 /* PlaylistViewController.swift in Sources */ = {isa = PBXBuildFile; fileRef = D737F4BB2BEA197A00230DA6 /* PlaylistViewController.swift */; };
		D737F4BE2BEA197A00230DA6 /* PlaylistViewController.xib in Resources */ = {isa = PBXBuildFile; fileRef = D737F4BC2BEA197A00230DA6 /* PlaylistViewController.xib */; };
		D737F4C02BEA3E4500230DA6 /* GoogleService-Info.plist in Resources */ = {isa = PBXBuildFile; fileRef = D737F4BF2BEA3E4500230DA6 /* GoogleService-Info.plist */; };
		D737F4C32BEA3F5900230DA6 /* Alamofire in Frameworks */ = {isa = PBXBuildFile; productRef = D737F4C22BEA3F5900230DA6 /* Alamofire */; };
		D737F4C62BEA3FF600230DA6 /* FirebaseAuth in Frameworks */ = {isa = PBXBuildFile; productRef = D737F4C52BEA3FF600230DA6 /* FirebaseAuth */; };
		D737F4C82BEA3FF600230DA6 /* FirebaseDatabase in Frameworks */ = {isa = PBXBuildFile; productRef = D737F4C72BEA3FF600230DA6 /* FirebaseDatabase */; };
		D737F4CA2BEA3FF600230DA6 /* FirebaseDatabaseSwift in Frameworks */ = {isa = PBXBuildFile; productRef = D737F4C92BEA3FF600230DA6 /* FirebaseDatabaseSwift */; };
		D737F4CC2BEA3FF600230DA6 /* FirebaseFirestore in Frameworks */ = {isa = PBXBuildFile; productRef = D737F4CB2BEA3FF600230DA6 /* FirebaseFirestore */; };
		D737F4CE2BEA3FF600230DA6 /* FirebaseFirestoreSwift in Frameworks */ = {isa = PBXBuildFile; productRef = D737F4CD2BEA3FF600230DA6 /* FirebaseFirestoreSwift */; };
		D737F4D02BEA3FF600230DA6 /* FirebaseStorage in Frameworks */ = {isa = PBXBuildFile; productRef = D737F4CF2BEA3FF600230DA6 /* FirebaseStorage */; };
		D737F4D42BEA44E700230DA6 /* GoogleSignIn in Frameworks */ = {isa = PBXBuildFile; productRef = D737F4D32BEA44E700230DA6 /* GoogleSignIn */; };
		D737F4D62BEA44E700230DA6 /* GoogleSignInSwift in Frameworks */ = {isa = PBXBuildFile; productRef = D737F4D52BEA44E700230DA6 /* GoogleSignInSwift */; };
		D737F4D92BEA453600230DA6 /* FacebookCore in Frameworks */ = {isa = PBXBuildFile; productRef = D737F4D82BEA453600230DA6 /* FacebookCore */; };
		D737F4DB2BEA453600230DA6 /* FacebookLogin in Frameworks */ = {isa = PBXBuildFile; productRef = D737F4DA2BEA453600230DA6 /* FacebookLogin */; };
		D737F4DE2BEA6C2F00230DA6 /* PlayListCollectionViewCell.swift in Sources */ = {isa = PBXBuildFile; fileRef = D737F4DC2BEA6C2F00230DA6 /* PlayListCollectionViewCell.swift */; };
		D737F4DF2BEA6C2F00230DA6 /* PlayListCollectionViewCell.xib in Resources */ = {isa = PBXBuildFile; fileRef = D737F4DD2BEA6C2F00230DA6 /* PlayListCollectionViewCell.xib */; };
		D737F4E62BEB7AB000230DA6 /* SettingsViewController.swift in Sources */ = {isa = PBXBuildFile; fileRef = D737F4E42BEB7AB000230DA6 /* SettingsViewController.swift */; };
		D737F4E72BEB7AB000230DA6 /* SettingsViewController.xib in Resources */ = {isa = PBXBuildFile; fileRef = D737F4E52BEB7AB000230DA6 /* SettingsViewController.xib */; };
		D737F4E92BEB916E00230DA6 /* PlayListViewModel.swift in Sources */ = {isa = PBXBuildFile; fileRef = D737F4E82BEB916E00230DA6 /* PlayListViewModel.swift */; };
		D737F4EC2BEB9F4C00230DA6 /* PlaySongViewController.swift in Sources */ = {isa = PBXBuildFile; fileRef = D737F4EA2BEB9F4C00230DA6 /* PlaySongViewController.swift */; };
		D737F4ED2BEB9F4C00230DA6 /* PlaySongViewController.xib in Resources */ = {isa = PBXBuildFile; fileRef = D737F4EB2BEB9F4C00230DA6 /* PlaySongViewController.xib */; };
		D737F4EF2BEBA8F100230DA6 /* FavoriteSongs.swift in Sources */ = {isa = PBXBuildFile; fileRef = D737F4EE2BEBA8F100230DA6 /* FavoriteSongs.swift */; };
		D737F4F32BEBEECC00230DA6 /* CustomViews.swift in Sources */ = {isa = PBXBuildFile; fileRef = D737F4F22BEBEECC00230DA6 /* CustomViews.swift */; };
		D737F4F52BECE85200230DA6 /* SearchViewModel.swift in Sources */ = {isa = PBXBuildFile; fileRef = D737F4F42BECE85200230DA6 /* SearchViewModel.swift */; };
		D737F5012BEE299900230DA6 /* apple_macbook_ad.mp3 in Resources */ = {isa = PBXBuildFile; fileRef = D737F5002BEE299800230DA6 /* apple_macbook_ad.mp3 */; };
		D737F5032BEE420700230DA6 /* Song.swift in Sources */ = {isa = PBXBuildFile; fileRef = D737F5022BEE420700230DA6 /* Song.swift */; };
		D737F5052BEE55DA00230DA6 /* PlaySongModelView.swift in Sources */ = {isa = PBXBuildFile; fileRef = D737F5042BEE55DA00230DA6 /* PlaySongModelView.swift */; };
		D737F50B2BF2620500230DA6 /* ArtistRealm.swift in Sources */ = {isa = PBXBuildFile; fileRef = D737F50A2BF2620400230DA6 /* ArtistRealm.swift */; };
		D737F50D2BF281E100230DA6 /* SongRealm.swift in Sources */ = {isa = PBXBuildFile; fileRef = D737F50C2BF281E100230DA6 /* SongRealm.swift */; };
		D7CDE84D2BDF801F00A4AB8A /* AppDelegate.swift in Sources */ = {isa = PBXBuildFile; fileRef = D7CDE84C2BDF801F00A4AB8A /* AppDelegate.swift */; };
		D7CDE84F2BDF801F00A4AB8A /* SceneDelegate.swift in Sources */ = {isa = PBXBuildFile; fileRef = D7CDE84E2BDF801F00A4AB8A /* SceneDelegate.swift */; };
		D7CDE8512BDF801F00A4AB8A /* GetStartedViewController.swift in Sources */ = {isa = PBXBuildFile; fileRef = D7CDE8502BDF801F00A4AB8A /* GetStartedViewController.swift */; };
		D7CDE8542BDF801F00A4AB8A /* Main.storyboard in Resources */ = {isa = PBXBuildFile; fileRef = D7CDE8522BDF801F00A4AB8A /* Main.storyboard */; };
		D7CDE8572BDF801F00A4AB8A /* Spotify_Clone.xcdatamodeld in Sources */ = {isa = PBXBuildFile; fileRef = D7CDE8552BDF801F00A4AB8A /* Spotify_Clone.xcdatamodeld */; };
		D7CDE8592BDF802100A4AB8A /* Assets.xcassets in Resources */ = {isa = PBXBuildFile; fileRef = D7CDE8582BDF802100A4AB8A /* Assets.xcassets */; };
		D7CDE85C2BDF802100A4AB8A /* LaunchScreen.storyboard in Resources */ = {isa = PBXBuildFile; fileRef = D7CDE85A2BDF802100A4AB8A /* LaunchScreen.storyboard */; };
		D7CDE8642BDF929800A4AB8A /* CustomButton.swift in Sources */ = {isa = PBXBuildFile; fileRef = D7CDE8632BDF929800A4AB8A /* CustomButton.swift */; };
		D7D49BC52BE101AE005C1BEA /* LoginViewController.swift in Sources */ = {isa = PBXBuildFile; fileRef = D7D49BC32BE101AE005C1BEA /* LoginViewController.swift */; };
		D7D49BC62BE101AE005C1BEA /* LoginViewController.xib in Resources */ = {isa = PBXBuildFile; fileRef = D7D49BC42BE101AE005C1BEA /* LoginViewController.xib */; };
		D7D49BC92BE10F26005C1BEA /* SignUpViewController.swift in Sources */ = {isa = PBXBuildFile; fileRef = D7D49BC72BE10F26005C1BEA /* SignUpViewController.swift */; };
		D7D49BCA2BE10F26005C1BEA /* SignUpViewController.xib in Resources */ = {isa = PBXBuildFile; fileRef = D7D49BC82BE10F26005C1BEA /* SignUpViewController.xib */; };
		D7D49BD02BE11935005C1BEA /* AppTheme.swift in Sources */ = {isa = PBXBuildFile; fileRef = D7D49BCF2BE11935005C1BEA /* AppTheme.swift */; };
		D7D49BE42BE13761005C1BEA /* TabBarViewController.swift in Sources */ = {isa = PBXBuildFile; fileRef = D7D49BE32BE13761005C1BEA /* TabBarViewController.swift */; };
		D7D49BE62BE3914C005C1BEA /* AuthenticationViewModel.swift in Sources */ = {isa = PBXBuildFile; fileRef = D7D49BE52BE3914C005C1BEA /* AuthenticationViewModel.swift */; };
		D7F911C12BF4AC9B001EBF60 /* MediaPlayerManager.swift in Sources */ = {isa = PBXBuildFile; fileRef = D7F911BE2BF4AC9B001EBF60 /* MediaPlayerManager.swift */; };
		D7F911C22BF4AC9B001EBF60 /* FirebaseManager.swift in Sources */ = {isa = PBXBuildFile; fileRef = D7F911BF2BF4AC9B001EBF60 /* FirebaseManager.swift */; };
		D7F911C32BF4AC9B001EBF60 /* RealmManager.swift in Sources */ = {isa = PBXBuildFile; fileRef = D7F911C02BF4AC9B001EBF60 /* RealmManager.swift */; };
		D7F911C82BF64326001EBF60 /* FavoriteArtist.swift in Sources */ = {isa = PBXBuildFile; fileRef = D7F911C72BF64326001EBF60 /* FavoriteArtist.swift */; };
		D7F911CB2BF78424001EBF60 /* SDWebImage in Frameworks */ = {isa = PBXBuildFile; productRef = D7F911CA2BF78424001EBF60 /* SDWebImage */; };
/* End PBXBuildFile section */

/* Begin PBXFileReference section */
		58BFD3D72065721F51934536 /* Pods_Spotify_Clone.framework */ = {isa = PBXFileReference; explicitFileType = wrapper.framework; includeInIndex = 0; path = Pods_Spotify_Clone.framework; sourceTree = BUILT_PRODUCTS_DIR; };
		B347FA558B42F7C46DA621B1 /* Pods-Spotify-Clone.release.xcconfig */ = {isa = PBXFileReference; includeInIndex = 1; lastKnownFileType = text.xcconfig; name = "Pods-Spotify-Clone.release.xcconfig"; path = "Target Support Files/Pods-Spotify-Clone/Pods-Spotify-Clone.release.xcconfig"; sourceTree = "<group>"; };
		C3228C18F6A29618E2EB07A1 /* Pods-Spotify-Clone.debug.xcconfig */ = {isa = PBXFileReference; includeInIndex = 1; lastKnownFileType = text.xcconfig; name = "Pods-Spotify-Clone.debug.xcconfig"; path = "Target Support Files/Pods-Spotify-Clone/Pods-Spotify-Clone.debug.xcconfig"; sourceTree = "<group>"; };
		D737F49D2BE3CE9300230DA6 /* HomeViewController.swift */ = {isa = PBXFileReference; lastKnownFileType = sourcecode.swift; path = HomeViewController.swift; sourceTree = "<group>"; };
		D737F4A72BE4202600230DA6 /* CustomCollectionViewCell.swift */ = {isa = PBXFileReference; lastKnownFileType = sourcecode.swift; path = CustomCollectionViewCell.swift; sourceTree = "<group>"; };
		D737F4A92BE4F34C00230DA6 /* SearchViewController.swift */ = {isa = PBXFileReference; lastKnownFileType = sourcecode.swift; path = SearchViewController.swift; sourceTree = "<group>"; };
		D737F4AB2BE515CF00230DA6 /* Artist.swift */ = {isa = PBXFileReference; lastKnownFileType = sourcecode.swift; path = Artist.swift; sourceTree = "<group>"; };
		D737F4AD2BE52EB900230DA6 /* HomeViewModel.swift */ = {isa = PBXFileReference; lastKnownFileType = sourcecode.swift; path = HomeViewModel.swift; sourceTree = "<group>"; };
		D737F4B52BE90B7100230DA6 /* ThemeProtocol.swift */ = {isa = PBXFileReference; lastKnownFileType = sourcecode.swift; path = ThemeProtocol.swift; sourceTree = "<group>"; };
		D737F4B72BE90EE900230DA6 /* LightTheme.swift */ = {isa = PBXFileReference; lastKnownFileType = sourcecode.swift; path = LightTheme.swift; sourceTree = "<group>"; };
		D737F4B92BE90EF700230DA6 /* DarkTheme.swift */ = {isa = PBXFileReference; lastKnownFileType = sourcecode.swift; path = DarkTheme.swift; sourceTree = "<group>"; };
		D737F4BB2BEA197A00230DA6 /* PlaylistViewController.swift */ = {isa = PBXFileReference; lastKnownFileType = sourcecode.swift; path = PlaylistViewController.swift; sourceTree = "<group>"; };
		D737F4BC2BEA197A00230DA6 /* PlaylistViewController.xib */ = {isa = PBXFileReference; lastKnownFileType = file.xib; path = PlaylistViewController.xib; sourceTree = "<group>"; };
		D737F4BF2BEA3E4500230DA6 /* GoogleService-Info.plist */ = {isa = PBXFileReference; fileEncoding = 4; lastKnownFileType = text.plist.xml; path = "GoogleService-Info.plist"; sourceTree = "<group>"; };
		D737F4DC2BEA6C2F00230DA6 /* PlayListCollectionViewCell.swift */ = {isa = PBXFileReference; lastKnownFileType = sourcecode.swift; path = PlayListCollectionViewCell.swift; sourceTree = "<group>"; };
		D737F4DD2BEA6C2F00230DA6 /* PlayListCollectionViewCell.xib */ = {isa = PBXFileReference; lastKnownFileType = file.xib; path = PlayListCollectionViewCell.xib; sourceTree = "<group>"; };
		D737F4E42BEB7AB000230DA6 /* SettingsViewController.swift */ = {isa = PBXFileReference; lastKnownFileType = sourcecode.swift; path = SettingsViewController.swift; sourceTree = "<group>"; };
		D737F4E52BEB7AB000230DA6 /* SettingsViewController.xib */ = {isa = PBXFileReference; lastKnownFileType = file.xib; path = SettingsViewController.xib; sourceTree = "<group>"; };
		D737F4E82BEB916E00230DA6 /* PlayListViewModel.swift */ = {isa = PBXFileReference; lastKnownFileType = sourcecode.swift; path = PlayListViewModel.swift; sourceTree = "<group>"; };
		D737F4EA2BEB9F4C00230DA6 /* PlaySongViewController.swift */ = {isa = PBXFileReference; lastKnownFileType = sourcecode.swift; path = PlaySongViewController.swift; sourceTree = "<group>"; };
		D737F4EB2BEB9F4C00230DA6 /* PlaySongViewController.xib */ = {isa = PBXFileReference; lastKnownFileType = file.xib; path = PlaySongViewController.xib; sourceTree = "<group>"; };
		D737F4EE2BEBA8F100230DA6 /* FavoriteSongs.swift */ = {isa = PBXFileReference; lastKnownFileType = sourcecode.swift; path = FavoriteSongs.swift; sourceTree = "<group>"; };
		D737F4F22BEBEECC00230DA6 /* CustomViews.swift */ = {isa = PBXFileReference; lastKnownFileType = sourcecode.swift; name = CustomViews.swift; path = "Spotify-Clone/AppTheme/CustomViews.swift"; sourceTree = SOURCE_ROOT; };
		D737F4F42BECE85200230DA6 /* SearchViewModel.swift */ = {isa = PBXFileReference; lastKnownFileType = sourcecode.swift; path = SearchViewModel.swift; sourceTree = "<group>"; };
		D737F5002BEE299800230DA6 /* apple_macbook_ad.mp3 */ = {isa = PBXFileReference; lastKnownFileType = audio.mp3; path = apple_macbook_ad.mp3; sourceTree = "<group>"; };
		D737F5022BEE420700230DA6 /* Song.swift */ = {isa = PBXFileReference; lastKnownFileType = sourcecode.swift; path = Song.swift; sourceTree = "<group>"; };
		D737F5042BEE55DA00230DA6 /* PlaySongModelView.swift */ = {isa = PBXFileReference; lastKnownFileType = sourcecode.swift; path = PlaySongModelView.swift; sourceTree = "<group>"; };
		D737F50A2BF2620400230DA6 /* ArtistRealm.swift */ = {isa = PBXFileReference; lastKnownFileType = sourcecode.swift; path = ArtistRealm.swift; sourceTree = "<group>"; };
		D737F50C2BF281E100230DA6 /* SongRealm.swift */ = {isa = PBXFileReference; lastKnownFileType = sourcecode.swift; path = SongRealm.swift; sourceTree = "<group>"; };
		D745315F2BDFEEEA0074AD7D /* Spotify-Clone.entitlements */ = {isa = PBXFileReference; lastKnownFileType = text.plist.entitlements; path = "Spotify-Clone.entitlements"; sourceTree = "<group>"; };
		D7CDE8492BDF801F00A4AB8A /* Spotify-Clone.app */ = {isa = PBXFileReference; explicitFileType = wrapper.application; includeInIndex = 0; path = "Spotify-Clone.app"; sourceTree = BUILT_PRODUCTS_DIR; };
		D7CDE84C2BDF801F00A4AB8A /* AppDelegate.swift */ = {isa = PBXFileReference; lastKnownFileType = sourcecode.swift; path = AppDelegate.swift; sourceTree = "<group>"; };
		D7CDE84E2BDF801F00A4AB8A /* SceneDelegate.swift */ = {isa = PBXFileReference; lastKnownFileType = sourcecode.swift; path = SceneDelegate.swift; sourceTree = "<group>"; };
		D7CDE8502BDF801F00A4AB8A /* GetStartedViewController.swift */ = {isa = PBXFileReference; lastKnownFileType = sourcecode.swift; path = GetStartedViewController.swift; sourceTree = "<group>"; };
		D7CDE8532BDF801F00A4AB8A /* Base */ = {isa = PBXFileReference; lastKnownFileType = file.storyboard; name = Base; path = Base.lproj/Main.storyboard; sourceTree = "<group>"; };
		D7CDE8562BDF801F00A4AB8A /* Spotify_Clone.xcdatamodel */ = {isa = PBXFileReference; lastKnownFileType = wrapper.xcdatamodel; path = Spotify_Clone.xcdatamodel; sourceTree = "<group>"; };
		D7CDE8582BDF802100A4AB8A /* Assets.xcassets */ = {isa = PBXFileReference; lastKnownFileType = folder.assetcatalog; path = Assets.xcassets; sourceTree = "<group>"; };
		D7CDE85B2BDF802100A4AB8A /* Base */ = {isa = PBXFileReference; lastKnownFileType = file.storyboard; name = Base; path = Base.lproj/LaunchScreen.storyboard; sourceTree = "<group>"; };
		D7CDE85D2BDF802100A4AB8A /* Info.plist */ = {isa = PBXFileReference; lastKnownFileType = text.plist.xml; path = Info.plist; sourceTree = "<group>"; };
		D7CDE8632BDF929800A4AB8A /* CustomButton.swift */ = {isa = PBXFileReference; lastKnownFileType = sourcecode.swift; path = CustomButton.swift; sourceTree = "<group>"; };
		D7D49BC32BE101AE005C1BEA /* LoginViewController.swift */ = {isa = PBXFileReference; lastKnownFileType = sourcecode.swift; path = LoginViewController.swift; sourceTree = "<group>"; };
		D7D49BC42BE101AE005C1BEA /* LoginViewController.xib */ = {isa = PBXFileReference; lastKnownFileType = file.xib; path = LoginViewController.xib; sourceTree = "<group>"; };
		D7D49BC72BE10F26005C1BEA /* SignUpViewController.swift */ = {isa = PBXFileReference; lastKnownFileType = sourcecode.swift; path = SignUpViewController.swift; sourceTree = "<group>"; };
		D7D49BC82BE10F26005C1BEA /* SignUpViewController.xib */ = {isa = PBXFileReference; lastKnownFileType = file.xib; path = SignUpViewController.xib; sourceTree = "<group>"; };
		D7D49BCF2BE11935005C1BEA /* AppTheme.swift */ = {isa = PBXFileReference; lastKnownFileType = sourcecode.swift; path = AppTheme.swift; sourceTree = "<group>"; };
		D7D49BE32BE13761005C1BEA /* TabBarViewController.swift */ = {isa = PBXFileReference; lastKnownFileType = sourcecode.swift; path = TabBarViewController.swift; sourceTree = "<group>"; };
		D7D49BE52BE3914C005C1BEA /* AuthenticationViewModel.swift */ = {isa = PBXFileReference; lastKnownFileType = sourcecode.swift; path = AuthenticationViewModel.swift; sourceTree = "<group>"; };
		D7F911BE2BF4AC9B001EBF60 /* MediaPlayerManager.swift */ = {isa = PBXFileReference; lastKnownFileType = sourcecode.swift; path = MediaPlayerManager.swift; sourceTree = "<group>"; };
		D7F911BF2BF4AC9B001EBF60 /* FirebaseManager.swift */ = {isa = PBXFileReference; lastKnownFileType = sourcecode.swift; path = FirebaseManager.swift; sourceTree = "<group>"; };
		D7F911C02BF4AC9B001EBF60 /* RealmManager.swift */ = {isa = PBXFileReference; lastKnownFileType = sourcecode.swift; path = RealmManager.swift; sourceTree = "<group>"; };
		D7F911C72BF64326001EBF60 /* FavoriteArtist.swift */ = {isa = PBXFileReference; lastKnownFileType = sourcecode.swift; path = FavoriteArtist.swift; sourceTree = "<group>"; };
/* End PBXFileReference section */

/* Begin PBXFrameworksBuildPhase section */
		D7CDE8462BDF801F00A4AB8A /* Frameworks */ = {
			isa = PBXFrameworksBuildPhase;
			buildActionMask = 2147483647;
			files = (
				D737F4CA2BEA3FF600230DA6 /* FirebaseDatabaseSwift in Frameworks */,
				13448CF1B4CF0A5DA40AB4E7 /* Pods_Spotify_Clone.framework in Frameworks */,
				D737F4C62BEA3FF600230DA6 /* FirebaseAuth in Frameworks */,
				D737F4CE2BEA3FF600230DA6 /* FirebaseFirestoreSwift in Frameworks */,
				D737F4D92BEA453600230DA6 /* FacebookCore in Frameworks */,
				D737F4C82BEA3FF600230DA6 /* FirebaseDatabase in Frameworks */,
				D737F4D62BEA44E700230DA6 /* GoogleSignInSwift in Frameworks */,
				D737F4D02BEA3FF600230DA6 /* FirebaseStorage in Frameworks */,
				D737F4DB2BEA453600230DA6 /* FacebookLogin in Frameworks */,
				D737F4C32BEA3F5900230DA6 /* Alamofire in Frameworks */,
				D7F911CB2BF78424001EBF60 /* SDWebImage in Frameworks */,
				D737F4CC2BEA3FF600230DA6 /* FirebaseFirestore in Frameworks */,
				D737F4D42BEA44E700230DA6 /* GoogleSignIn in Frameworks */,
			);
			runOnlyForDeploymentPostprocessing = 0;
		};
/* End PBXFrameworksBuildPhase section */

/* Begin PBXGroup section */
		75217F2F83706D96BE8EA648 /* Frameworks */ = {
			isa = PBXGroup;
			children = (
				58BFD3D72065721F51934536 /* Pods_Spotify_Clone.framework */,
			);
			name = Frameworks;
			sourceTree = "<group>";
		};
		CC62B3BD0FD8B5B0FCA9E6A3 /* Pods */ = {
			isa = PBXGroup;
			children = (
				C3228C18F6A29618E2EB07A1 /* Pods-Spotify-Clone.debug.xcconfig */,
				B347FA558B42F7C46DA621B1 /* Pods-Spotify-Clone.release.xcconfig */,
			);
			path = Pods;
			sourceTree = "<group>";
		};
		D737F4B42BE90B4200230DA6 /* AppTheme */ = {
			isa = PBXGroup;
			children = (
				D7D49BCF2BE11935005C1BEA /* AppTheme.swift */,
				D737F4B52BE90B7100230DA6 /* ThemeProtocol.swift */,
				D737F4B72BE90EE900230DA6 /* LightTheme.swift */,
				D737F4B92BE90EF700230DA6 /* DarkTheme.swift */,
			);
			path = AppTheme;
			sourceTree = "<group>";
		};
		D7CDE8402BDF801F00A4AB8A = {
			isa = PBXGroup;
			children = (
				D7CDE84B2BDF801F00A4AB8A /* Spotify-Clone */,
				D7CDE84A2BDF801F00A4AB8A /* Products */,
				CC62B3BD0FD8B5B0FCA9E6A3 /* Pods */,
				75217F2F83706D96BE8EA648 /* Frameworks */,
			);
			sourceTree = "<group>";
		};
		D7CDE84A2BDF801F00A4AB8A /* Products */ = {
			isa = PBXGroup;
			children = (
				D7CDE8492BDF801F00A4AB8A /* Spotify-Clone.app */,
			);
			name = Products;
			sourceTree = "<group>";
		};
		D7CDE84B2BDF801F00A4AB8A /* Spotify-Clone */ = {
			isa = PBXGroup;
			children = (
				D737F5002BEE299800230DA6 /* apple_macbook_ad.mp3 */,
				D745315F2BDFEEEA0074AD7D /* Spotify-Clone.entitlements */,
				D737F4BF2BEA3E4500230DA6 /* GoogleService-Info.plist */,
				D7CDE84C2BDF801F00A4AB8A /* AppDelegate.swift */,
				D7CDE84E2BDF801F00A4AB8A /* SceneDelegate.swift */,
				D7F911BC2BF4AC9B001EBF60 /* Services */,
				D7D49BD82BE128A8005C1BEA /* View Model */,
				D7D49BD72BE12844005C1BEA /* Models */,
				D7CDE8652BDFCEC300A4AB8A /* Views */,
				D7CDE8582BDF802100A4AB8A /* Assets.xcassets */,
				D7CDE85A2BDF802100A4AB8A /* LaunchScreen.storyboard */,
				D7CDE85D2BDF802100A4AB8A /* Info.plist */,
				D7CDE8552BDF801F00A4AB8A /* Spotify_Clone.xcdatamodeld */,
				D737F4B42BE90B4200230DA6 /* AppTheme */,
				D7CDE86B2BDFCFCE00A4AB8A /* App Utils */,
			);
			path = "Spotify-Clone";
			sourceTree = "<group>";
		};
		D7CDE8652BDFCEC300A4AB8A /* Views */ = {
			isa = PBXGroup;
			children = (
				D7CDE8502BDF801F00A4AB8A /* GetStartedViewController.swift */,
				D7CDE8522BDF801F00A4AB8A /* Main.storyboard */,
				D7D49BC32BE101AE005C1BEA /* LoginViewController.swift */,
				D7D49BC42BE101AE005C1BEA /* LoginViewController.xib */,
				D7D49BC72BE10F26005C1BEA /* SignUpViewController.swift */,
				D7D49BC82BE10F26005C1BEA /* SignUpViewController.xib */,
				D7D49BE32BE13761005C1BEA /* TabBarViewController.swift */,
				D737F49D2BE3CE9300230DA6 /* HomeViewController.swift */,
				D737F4A72BE4202600230DA6 /* CustomCollectionViewCell.swift */,
				D737F4A92BE4F34C00230DA6 /* SearchViewController.swift */,
				D737F4BB2BEA197A00230DA6 /* PlaylistViewController.swift */,
				D737F4BC2BEA197A00230DA6 /* PlaylistViewController.xib */,
				D737F4DC2BEA6C2F00230DA6 /* PlayListCollectionViewCell.swift */,
				D737F4DD2BEA6C2F00230DA6 /* PlayListCollectionViewCell.xib */,
				D737F4E42BEB7AB000230DA6 /* SettingsViewController.swift */,
				D737F4E52BEB7AB000230DA6 /* SettingsViewController.xib */,
				D737F4EA2BEB9F4C00230DA6 /* PlaySongViewController.swift */,
				D737F4EB2BEB9F4C00230DA6 /* PlaySongViewController.xib */,
			);
			path = Views;
			sourceTree = "<group>";
		};
		D7CDE86B2BDFCFCE00A4AB8A /* App Utils */ = {
			isa = PBXGroup;
			children = (
				D7CDE8632BDF929800A4AB8A /* CustomButton.swift */,
				D737F4F22BEBEECC00230DA6 /* CustomViews.swift */,
			);
			path = "App Utils";
			sourceTree = "<group>";
		};
		D7D49BD72BE12844005C1BEA /* Models */ = {
			isa = PBXGroup;
			children = (
				D737F4AB2BE515CF00230DA6 /* Artist.swift */,
				D737F4EE2BEBA8F100230DA6 /* FavoriteSongs.swift */,
				D737F5022BEE420700230DA6 /* Song.swift */,
				D737F50A2BF2620400230DA6 /* ArtistRealm.swift */,
				D737F50C2BF281E100230DA6 /* SongRealm.swift */,
				D7F911C72BF64326001EBF60 /* FavoriteArtist.swift */,
			);
			path = Models;
			sourceTree = "<group>";
		};
		D7D49BD82BE128A8005C1BEA /* View Model */ = {
			isa = PBXGroup;
			children = (
				D7D49BE52BE3914C005C1BEA /* AuthenticationViewModel.swift */,
				D737F4AD2BE52EB900230DA6 /* HomeViewModel.swift */,
				D737F4E82BEB916E00230DA6 /* PlayListViewModel.swift */,
				D737F4F42BECE85200230DA6 /* SearchViewModel.swift */,
				D737F5042BEE55DA00230DA6 /* PlaySongModelView.swift */,
			);
			path = "View Model";
			sourceTree = "<group>";
		};
		D7F911BC2BF4AC9B001EBF60 /* Services */ = {
			isa = PBXGroup;
			children = (
				D7F911BE2BF4AC9B001EBF60 /* MediaPlayerManager.swift */,
				D7F911C02BF4AC9B001EBF60 /* RealmManager.swift */,
				D7F911BF2BF4AC9B001EBF60 /* FirebaseManager.swift */,
			);
			path = Services;
			sourceTree = "<group>";
		};
/* End PBXGroup section */

/* Begin PBXNativeTarget section */
		D7CDE8482BDF801F00A4AB8A /* Spotify-Clone */ = {
			isa = PBXNativeTarget;
			buildConfigurationList = D7CDE8602BDF802100A4AB8A /* Build configuration list for PBXNativeTarget "Spotify-Clone" */;
			buildPhases = (
				8F2BAC66B89DF57039DE245F /* [CP] Check Pods Manifest.lock */,
				D7CDE8452BDF801F00A4AB8A /* Sources */,
				D7CDE8462BDF801F00A4AB8A /* Frameworks */,
				D7CDE8472BDF801F00A4AB8A /* Resources */,
				572CE5A45913F0920D56ACEC /* [CP] Embed Pods Frameworks */,
			);
			buildRules = (
			);
			dependencies = (
			);
			name = "Spotify-Clone";
			packageProductDependencies = (
				D737F4C22BEA3F5900230DA6 /* Alamofire */,
				D737F4C52BEA3FF600230DA6 /* FirebaseAuth */,
				D737F4C72BEA3FF600230DA6 /* FirebaseDatabase */,
				D737F4C92BEA3FF600230DA6 /* FirebaseDatabaseSwift */,
				D737F4CB2BEA3FF600230DA6 /* FirebaseFirestore */,
				D737F4CD2BEA3FF600230DA6 /* FirebaseFirestoreSwift */,
				D737F4CF2BEA3FF600230DA6 /* FirebaseStorage */,
				D737F4D32BEA44E700230DA6 /* GoogleSignIn */,
				D737F4D52BEA44E700230DA6 /* GoogleSignInSwift */,
				D737F4D82BEA453600230DA6 /* FacebookCore */,
				D737F4DA2BEA453600230DA6 /* FacebookLogin */,
				D7F911CA2BF78424001EBF60 /* SDWebImage */,
			);
			productName = "Spotify-Clone";
			productReference = D7CDE8492BDF801F00A4AB8A /* Spotify-Clone.app */;
			productType = "com.apple.product-type.application";
		};
/* End PBXNativeTarget section */

/* Begin PBXProject section */
		D7CDE8412BDF801F00A4AB8A /* Project object */ = {
			isa = PBXProject;
			attributes = {
				BuildIndependentTargetsInParallel = 1;
				LastSwiftUpdateCheck = 1340;
				LastUpgradeCheck = 1340;
				TargetAttributes = {
					D7CDE8482BDF801F00A4AB8A = {
						CreatedOnToolsVersion = 13.4.1;
					};
				};
			};
			buildConfigurationList = D7CDE8442BDF801F00A4AB8A /* Build configuration list for PBXProject "Spotify-Clone" */;
			compatibilityVersion = "Xcode 13.0";
			developmentRegion = en;
			hasScannedForEncodings = 0;
			knownRegions = (
				en,
				Base,
			);
			mainGroup = D7CDE8402BDF801F00A4AB8A;
			packageReferences = (
				D737F4C12BEA3F5800230DA6 /* XCRemoteSwiftPackageReference "Alamofire" */,
				D737F4C42BEA3FF600230DA6 /* XCRemoteSwiftPackageReference "firebase-ios-sdk" */,
				D737F4D22BEA44E700230DA6 /* XCRemoteSwiftPackageReference "GoogleSignIn-iOS" */,
				D737F4D72BEA453600230DA6 /* XCRemoteSwiftPackageReference "facebook-ios-sdk" */,
				D7F911C92BF78423001EBF60 /* XCRemoteSwiftPackageReference "SDWebImage" */,
			);
			productRefGroup = D7CDE84A2BDF801F00A4AB8A /* Products */;
			projectDirPath = "";
			projectRoot = "";
			targets = (
				D7CDE8482BDF801F00A4AB8A /* Spotify-Clone */,
			);
		};
/* End PBXProject section */

/* Begin PBXResourcesBuildPhase section */
		D7CDE8472BDF801F00A4AB8A /* Resources */ = {
			isa = PBXResourcesBuildPhase;
			buildActionMask = 2147483647;
			files = (
				D737F4DF2BEA6C2F00230DA6 /* PlayListCollectionViewCell.xib in Resources */,
				D737F4ED2BEB9F4C00230DA6 /* PlaySongViewController.xib in Resources */,
				D737F4E72BEB7AB000230DA6 /* SettingsViewController.xib in Resources */,
				D7D49BC62BE101AE005C1BEA /* LoginViewController.xib in Resources */,
				D7CDE85C2BDF802100A4AB8A /* LaunchScreen.storyboard in Resources */,
				D7CDE8592BDF802100A4AB8A /* Assets.xcassets in Resources */,
				D737F5012BEE299900230DA6 /* apple_macbook_ad.mp3 in Resources */,
				D737F4BE2BEA197A00230DA6 /* PlaylistViewController.xib in Resources */,
				D7D49BCA2BE10F26005C1BEA /* SignUpViewController.xib in Resources */,
				D7CDE8542BDF801F00A4AB8A /* Main.storyboard in Resources */,
				D737F4C02BEA3E4500230DA6 /* GoogleService-Info.plist in Resources */,
			);
			runOnlyForDeploymentPostprocessing = 0;
		};
/* End PBXResourcesBuildPhase section */

/* Begin PBXShellScriptBuildPhase section */
		572CE5A45913F0920D56ACEC /* [CP] Embed Pods Frameworks */ = {
			isa = PBXShellScriptBuildPhase;
			buildActionMask = 2147483647;
			files = (
			);
			inputFileListPaths = (
				"${PODS_ROOT}/Target Support Files/Pods-Spotify-Clone/Pods-Spotify-Clone-frameworks-${CONFIGURATION}-input-files.xcfilelist",
			);
			name = "[CP] Embed Pods Frameworks";
			outputFileListPaths = (
				"${PODS_ROOT}/Target Support Files/Pods-Spotify-Clone/Pods-Spotify-Clone-frameworks-${CONFIGURATION}-output-files.xcfilelist",
			);
			runOnlyForDeploymentPostprocessing = 0;
			shellPath = /bin/sh;
			shellScript = "\"${PODS_ROOT}/Target Support Files/Pods-Spotify-Clone/Pods-Spotify-Clone-frameworks.sh\"\n";
			showEnvVarsInLog = 0;
		};
		8F2BAC66B89DF57039DE245F /* [CP] Check Pods Manifest.lock */ = {
			isa = PBXShellScriptBuildPhase;
			buildActionMask = 2147483647;
			files = (
			);
			inputFileListPaths = (
			);
			inputPaths = (
				"${PODS_PODFILE_DIR_PATH}/Podfile.lock",
				"${PODS_ROOT}/Manifest.lock",
			);
			name = "[CP] Check Pods Manifest.lock";
			outputFileListPaths = (
			);
			outputPaths = (
				"$(DERIVED_FILE_DIR)/Pods-Spotify-Clone-checkManifestLockResult.txt",
			);
			runOnlyForDeploymentPostprocessing = 0;
			shellPath = /bin/sh;
			shellScript = "diff \"${PODS_PODFILE_DIR_PATH}/Podfile.lock\" \"${PODS_ROOT}/Manifest.lock\" > /dev/null\nif [ $? != 0 ] ; then\n    # print error to STDERR\n    echo \"error: The sandbox is not in sync with the Podfile.lock. Run 'pod install' or update your CocoaPods installation.\" >&2\n    exit 1\nfi\n# This output is used by Xcode 'outputs' to avoid re-running this script phase.\necho \"SUCCESS\" > \"${SCRIPT_OUTPUT_FILE_0}\"\n";
			showEnvVarsInLog = 0;
		};
/* End PBXShellScriptBuildPhase section */

/* Begin PBXSourcesBuildPhase section */
		D7CDE8452BDF801F00A4AB8A /* Sources */ = {
			isa = PBXSourcesBuildPhase;
			buildActionMask = 2147483647;
			files = (
				D737F50D2BF281E100230DA6 /* SongRealm.swift in Sources */,
				D737F4AE2BE52EB900230DA6 /* HomeViewModel.swift in Sources */,
				D7D49BE42BE13761005C1BEA /* TabBarViewController.swift in Sources */,
				D737F4EF2BEBA8F100230DA6 /* FavoriteSongs.swift in Sources */,
				D737F4F32BEBEECC00230DA6 /* CustomViews.swift in Sources */,
				D737F4AA2BE4F34D00230DA6 /* SearchViewController.swift in Sources */,
				D7D49BC52BE101AE005C1BEA /* LoginViewController.swift in Sources */,
				D737F50B2BF2620500230DA6 /* ArtistRealm.swift in Sources */,
				D7D49BC92BE10F26005C1BEA /* SignUpViewController.swift in Sources */,
				D737F4BD2BEA197A00230DA6 /* PlaylistViewController.swift in Sources */,
				D737F4DE2BEA6C2F00230DA6 /* PlayListCollectionViewCell.swift in Sources */,
				D737F5032BEE420700230DA6 /* Song.swift in Sources */,
				D737F49E2BE3CE9300230DA6 /* HomeViewController.swift in Sources */,
				D737F4AC2BE515CF00230DA6 /* Artist.swift in Sources */,
				D7CDE8572BDF801F00A4AB8A /* Spotify_Clone.xcdatamodeld in Sources */,
				D7D49BD02BE11935005C1BEA /* AppTheme.swift in Sources */,
				D737F4BA2BE90EF700230DA6 /* DarkTheme.swift in Sources */,
				D7F911C32BF4AC9B001EBF60 /* RealmManager.swift in Sources */,
				D737F4F52BECE85200230DA6 /* SearchViewModel.swift in Sources */,
				D737F4B82BE90EE900230DA6 /* LightTheme.swift in Sources */,
				D7CDE8512BDF801F00A4AB8A /* GetStartedViewController.swift in Sources */,
				D7F911C12BF4AC9B001EBF60 /* MediaPlayerManager.swift in Sources */,
				D737F4E92BEB916E00230DA6 /* PlayListViewModel.swift in Sources */,
				D7F911C22BF4AC9B001EBF60 /* FirebaseManager.swift in Sources */,
				D737F4EC2BEB9F4C00230DA6 /* PlaySongViewController.swift in Sources */,
				D7D49BE62BE3914C005C1BEA /* AuthenticationViewModel.swift in Sources */,
				D737F4A82BE4202600230DA6 /* CustomCollectionViewCell.swift in Sources */,
				D737F4B62BE90B7100230DA6 /* ThemeProtocol.swift in Sources */,
				D7CDE84D2BDF801F00A4AB8A /* AppDelegate.swift in Sources */,
				D7CDE84F2BDF801F00A4AB8A /* SceneDelegate.swift in Sources */,
				D737F5052BEE55DA00230DA6 /* PlaySongModelView.swift in Sources */,
				D737F4E62BEB7AB000230DA6 /* SettingsViewController.swift in Sources */,
				D7CDE8642BDF929800A4AB8A /* CustomButton.swift in Sources */,
				D7F911C82BF64326001EBF60 /* FavoriteArtist.swift in Sources */,
			);
			runOnlyForDeploymentPostprocessing = 0;
		};
/* End PBXSourcesBuildPhase section */

/* Begin PBXVariantGroup section */
		D7CDE8522BDF801F00A4AB8A /* Main.storyboard */ = {
			isa = PBXVariantGroup;
			children = (
				D7CDE8532BDF801F00A4AB8A /* Base */,
			);
			name = Main.storyboard;
			sourceTree = "<group>";
		};
		D7CDE85A2BDF802100A4AB8A /* LaunchScreen.storyboard */ = {
			isa = PBXVariantGroup;
			children = (
				D7CDE85B2BDF802100A4AB8A /* Base */,
			);
			name = LaunchScreen.storyboard;
			sourceTree = "<group>";
		};
/* End PBXVariantGroup section */

/* Begin XCBuildConfiguration section */
		D7CDE85E2BDF802100A4AB8A /* Debug */ = {
			isa = XCBuildConfiguration;
			buildSettings = {
				ALWAYS_SEARCH_USER_PATHS = NO;
				CLANG_ANALYZER_NONNULL = YES;
				CLANG_ANALYZER_NUMBER_OBJECT_CONVERSION = YES_AGGRESSIVE;
				CLANG_CXX_LANGUAGE_STANDARD = "gnu++17";
				CLANG_ENABLE_MODULES = YES;
				CLANG_ENABLE_OBJC_ARC = YES;
				CLANG_ENABLE_OBJC_WEAK = YES;
				CLANG_WARN_BLOCK_CAPTURE_AUTORELEASING = YES;
				CLANG_WARN_BOOL_CONVERSION = YES;
				CLANG_WARN_COMMA = YES;
				CLANG_WARN_CONSTANT_CONVERSION = YES;
				CLANG_WARN_DEPRECATED_OBJC_IMPLEMENTATIONS = YES;
				CLANG_WARN_DIRECT_OBJC_ISA_USAGE = YES_ERROR;
				CLANG_WARN_DOCUMENTATION_COMMENTS = YES;
				CLANG_WARN_EMPTY_BODY = YES;
				CLANG_WARN_ENUM_CONVERSION = YES;
				CLANG_WARN_INFINITE_RECURSION = YES;
				CLANG_WARN_INT_CONVERSION = YES;
				CLANG_WARN_NON_LITERAL_NULL_CONVERSION = YES;
				CLANG_WARN_OBJC_IMPLICIT_RETAIN_SELF = YES;
				CLANG_WARN_OBJC_LITERAL_CONVERSION = YES;
				CLANG_WARN_OBJC_ROOT_CLASS = YES_ERROR;
				CLANG_WARN_QUOTED_INCLUDE_IN_FRAMEWORK_HEADER = YES;
				CLANG_WARN_RANGE_LOOP_ANALYSIS = YES;
				CLANG_WARN_STRICT_PROTOTYPES = YES;
				CLANG_WARN_SUSPICIOUS_MOVE = YES;
				CLANG_WARN_UNGUARDED_AVAILABILITY = YES_AGGRESSIVE;
				CLANG_WARN_UNREACHABLE_CODE = YES;
				CLANG_WARN__DUPLICATE_METHOD_MATCH = YES;
				COPY_PHASE_STRIP = NO;
				DEBUG_INFORMATION_FORMAT = dwarf;
				ENABLE_STRICT_OBJC_MSGSEND = YES;
				ENABLE_TESTABILITY = YES;
				GCC_C_LANGUAGE_STANDARD = gnu11;
				GCC_DYNAMIC_NO_PIC = NO;
				GCC_NO_COMMON_BLOCKS = YES;
				GCC_OPTIMIZATION_LEVEL = 0;
				GCC_PREPROCESSOR_DEFINITIONS = (
					"DEBUG=1",
					"$(inherited)",
				);
				GCC_WARN_64_TO_32_BIT_CONVERSION = YES;
				GCC_WARN_ABOUT_RETURN_TYPE = YES_ERROR;
				GCC_WARN_UNDECLARED_SELECTOR = YES;
				GCC_WARN_UNINITIALIZED_AUTOS = YES_AGGRESSIVE;
				GCC_WARN_UNUSED_FUNCTION = YES;
				GCC_WARN_UNUSED_VARIABLE = YES;
				IPHONEOS_DEPLOYMENT_TARGET = 15.5;
				MTL_ENABLE_DEBUG_INFO = INCLUDE_SOURCE;
				MTL_FAST_MATH = YES;
				ONLY_ACTIVE_ARCH = YES;
				SDKROOT = iphoneos;
				SWIFT_ACTIVE_COMPILATION_CONDITIONS = DEBUG;
				SWIFT_OPTIMIZATION_LEVEL = "-Onone";
			};
			name = Debug;
		};
		D7CDE85F2BDF802100A4AB8A /* Release */ = {
			isa = XCBuildConfiguration;
			buildSettings = {
				ALWAYS_SEARCH_USER_PATHS = NO;
				CLANG_ANALYZER_NONNULL = YES;
				CLANG_ANALYZER_NUMBER_OBJECT_CONVERSION = YES_AGGRESSIVE;
				CLANG_CXX_LANGUAGE_STANDARD = "gnu++17";
				CLANG_ENABLE_MODULES = YES;
				CLANG_ENABLE_OBJC_ARC = YES;
				CLANG_ENABLE_OBJC_WEAK = YES;
				CLANG_WARN_BLOCK_CAPTURE_AUTORELEASING = YES;
				CLANG_WARN_BOOL_CONVERSION = YES;
				CLANG_WARN_COMMA = YES;
				CLANG_WARN_CONSTANT_CONVERSION = YES;
				CLANG_WARN_DEPRECATED_OBJC_IMPLEMENTATIONS = YES;
				CLANG_WARN_DIRECT_OBJC_ISA_USAGE = YES_ERROR;
				CLANG_WARN_DOCUMENTATION_COMMENTS = YES;
				CLANG_WARN_EMPTY_BODY = YES;
				CLANG_WARN_ENUM_CONVERSION = YES;
				CLANG_WARN_INFINITE_RECURSION = YES;
				CLANG_WARN_INT_CONVERSION = YES;
				CLANG_WARN_NON_LITERAL_NULL_CONVERSION = YES;
				CLANG_WARN_OBJC_IMPLICIT_RETAIN_SELF = YES;
				CLANG_WARN_OBJC_LITERAL_CONVERSION = YES;
				CLANG_WARN_OBJC_ROOT_CLASS = YES_ERROR;
				CLANG_WARN_QUOTED_INCLUDE_IN_FRAMEWORK_HEADER = YES;
				CLANG_WARN_RANGE_LOOP_ANALYSIS = YES;
				CLANG_WARN_STRICT_PROTOTYPES = YES;
				CLANG_WARN_SUSPICIOUS_MOVE = YES;
				CLANG_WARN_UNGUARDED_AVAILABILITY = YES_AGGRESSIVE;
				CLANG_WARN_UNREACHABLE_CODE = YES;
				CLANG_WARN__DUPLICATE_METHOD_MATCH = YES;
				COPY_PHASE_STRIP = NO;
				DEBUG_INFORMATION_FORMAT = "dwarf-with-dsym";
				ENABLE_NS_ASSERTIONS = NO;
				ENABLE_STRICT_OBJC_MSGSEND = YES;
				GCC_C_LANGUAGE_STANDARD = gnu11;
				GCC_NO_COMMON_BLOCKS = YES;
				GCC_WARN_64_TO_32_BIT_CONVERSION = YES;
				GCC_WARN_ABOUT_RETURN_TYPE = YES_ERROR;
				GCC_WARN_UNDECLARED_SELECTOR = YES;
				GCC_WARN_UNINITIALIZED_AUTOS = YES_AGGRESSIVE;
				GCC_WARN_UNUSED_FUNCTION = YES;
				GCC_WARN_UNUSED_VARIABLE = YES;
				IPHONEOS_DEPLOYMENT_TARGET = 15.5;
				MTL_ENABLE_DEBUG_INFO = NO;
				MTL_FAST_MATH = YES;
				SDKROOT = iphoneos;
				SWIFT_COMPILATION_MODE = wholemodule;
				SWIFT_OPTIMIZATION_LEVEL = "-O";
				VALIDATE_PRODUCT = YES;
			};
			name = Release;
		};
		D7CDE8612BDF802100A4AB8A /* Debug */ = {
			isa = XCBuildConfiguration;
			baseConfigurationReference = C3228C18F6A29618E2EB07A1 /* Pods-Spotify-Clone.debug.xcconfig */;
			buildSettings = {
				ASSETCATALOG_COMPILER_APPICON_NAME = AppIcon;
				ASSETCATALOG_COMPILER_GLOBAL_ACCENT_COLOR_NAME = AccentColor;
				CODE_SIGN_ENTITLEMENTS = "Spotify-Clone/Spotify-Clone.entitlements";
				CODE_SIGN_STYLE = Automatic;
				CURRENT_PROJECT_VERSION = 1;
				GENERATE_INFOPLIST_FILE = YES;
				INFOPLIST_FILE = "Spotify-Clone/Info.plist";
				INFOPLIST_KEY_UIApplicationSupportsIndirectInputEvents = YES;
				INFOPLIST_KEY_UILaunchStoryboardName = LaunchScreen;
				INFOPLIST_KEY_UIMainStoryboardFile = Main;
				INFOPLIST_KEY_UISupportedInterfaceOrientations_iPad = "UIInterfaceOrientationPortrait UIInterfaceOrientationPortraitUpsideDown UIInterfaceOrientationLandscapeLeft UIInterfaceOrientationLandscapeRight";
				INFOPLIST_KEY_UISupportedInterfaceOrientations_iPhone = "UIInterfaceOrientationPortrait UIInterfaceOrientationLandscapeLeft UIInterfaceOrientationLandscapeRight";
				LD_RUNPATH_SEARCH_PATHS = (
					"$(inherited)",
					"@executable_path/Frameworks",
				);
				MARKETING_VERSION = 1.0;
				PRODUCT_BUNDLE_IDENTIFIER = "com.devsinc.Spotify-Clone";
				PRODUCT_NAME = "$(TARGET_NAME)";
				SWIFT_EMIT_LOC_STRINGS = YES;
				SWIFT_VERSION = 5.0;
				TARGETED_DEVICE_FAMILY = "1,2";
			};
			name = Debug;
		};
		D7CDE8622BDF802100A4AB8A /* Release */ = {
			isa = XCBuildConfiguration;
			baseConfigurationReference = B347FA558B42F7C46DA621B1 /* Pods-Spotify-Clone.release.xcconfig */;
			buildSettings = {
				ASSETCATALOG_COMPILER_APPICON_NAME = AppIcon;
				ASSETCATALOG_COMPILER_GLOBAL_ACCENT_COLOR_NAME = AccentColor;
				CODE_SIGN_ENTITLEMENTS = "Spotify-Clone/Spotify-Clone.entitlements";
				CODE_SIGN_STYLE = Automatic;
				CURRENT_PROJECT_VERSION = 1;
				GENERATE_INFOPLIST_FILE = YES;
				INFOPLIST_FILE = "Spotify-Clone/Info.plist";
				INFOPLIST_KEY_UIApplicationSupportsIndirectInputEvents = YES;
				INFOPLIST_KEY_UILaunchStoryboardName = LaunchScreen;
				INFOPLIST_KEY_UIMainStoryboardFile = Main;
				INFOPLIST_KEY_UISupportedInterfaceOrientations_iPad = "UIInterfaceOrientationPortrait UIInterfaceOrientationPortraitUpsideDown UIInterfaceOrientationLandscapeLeft UIInterfaceOrientationLandscapeRight";
				INFOPLIST_KEY_UISupportedInterfaceOrientations_iPhone = "UIInterfaceOrientationPortrait UIInterfaceOrientationLandscapeLeft UIInterfaceOrientationLandscapeRight";
				LD_RUNPATH_SEARCH_PATHS = (
					"$(inherited)",
					"@executable_path/Frameworks",
				);
				MARKETING_VERSION = 1.0;
				PRODUCT_BUNDLE_IDENTIFIER = "com.devsinc.Spotify-Clone";
				PRODUCT_NAME = "$(TARGET_NAME)";
				SWIFT_EMIT_LOC_STRINGS = YES;
				SWIFT_VERSION = 5.0;
				TARGETED_DEVICE_FAMILY = "1,2";
			};
			name = Release;
		};
/* End XCBuildConfiguration section */

/* Begin XCConfigurationList section */
		D7CDE8442BDF801F00A4AB8A /* Build configuration list for PBXProject "Spotify-Clone" */ = {
			isa = XCConfigurationList;
			buildConfigurations = (
				D7CDE85E2BDF802100A4AB8A /* Debug */,
				D7CDE85F2BDF802100A4AB8A /* Release */,
			);
			defaultConfigurationIsVisible = 0;
			defaultConfigurationName = Release;
		};
		D7CDE8602BDF802100A4AB8A /* Build configuration list for PBXNativeTarget "Spotify-Clone" */ = {
			isa = XCConfigurationList;
			buildConfigurations = (
				D7CDE8612BDF802100A4AB8A /* Debug */,
				D7CDE8622BDF802100A4AB8A /* Release */,
			);
			defaultConfigurationIsVisible = 0;
			defaultConfigurationName = Release;
		};
/* End XCConfigurationList section */

/* Begin XCRemoteSwiftPackageReference section */
		D737F4C12BEA3F5800230DA6 /* XCRemoteSwiftPackageReference "Alamofire" */ = {
			isa = XCRemoteSwiftPackageReference;
			repositoryURL = "https://github.com/Alamofire/Alamofire.git";
			requirement = {
				kind = upToNextMajorVersion;
				minimumVersion = 5.0.0;
			};
		};
		D737F4C42BEA3FF600230DA6 /* XCRemoteSwiftPackageReference "firebase-ios-sdk" */ = {
			isa = XCRemoteSwiftPackageReference;
			repositoryURL = "https://github.com/firebase/firebase-ios-sdk";
			requirement = {
				kind = upToNextMajorVersion;
				minimumVersion = 9.0.0;
			};
		};
		D737F4D22BEA44E700230DA6 /* XCRemoteSwiftPackageReference "GoogleSignIn-iOS" */ = {
			isa = XCRemoteSwiftPackageReference;
			repositoryURL = "https://github.com/google/GoogleSignIn-iOS";
			requirement = {
				kind = upToNextMajorVersion;
				minimumVersion = 7.0.0;
			};
		};
		D737F4D72BEA453600230DA6 /* XCRemoteSwiftPackageReference "facebook-ios-sdk" */ = {
			isa = XCRemoteSwiftPackageReference;
			repositoryURL = "https://github.com/facebook/facebook-ios-sdk";
			requirement = {
				kind = upToNextMajorVersion;
				minimumVersion = 9.0.0;
			};
		};
		D7F911C92BF78423001EBF60 /* XCRemoteSwiftPackageReference "SDWebImage" */ = {
			isa = XCRemoteSwiftPackageReference;
			repositoryURL = "https://github.com/SDWebImage/SDWebImage.git";
			requirement = {
				kind = upToNextMajorVersion;
				minimumVersion = 5.0.0;
			};
		};
/* End XCRemoteSwiftPackageReference section */

/* Begin XCSwiftPackageProductDependency section */
		D737F4C22BEA3F5900230DA6 /* Alamofire */ = {
			isa = XCSwiftPackageProductDependency;
			package = D737F4C12BEA3F5800230DA6 /* XCRemoteSwiftPackageReference "Alamofire" */;
			productName = Alamofire;
		};
		D737F4C52BEA3FF600230DA6 /* FirebaseAuth */ = {
			isa = XCSwiftPackageProductDependency;
			package = D737F4C42BEA3FF600230DA6 /* XCRemoteSwiftPackageReference "firebase-ios-sdk" */;
			productName = FirebaseAuth;
		};
		D737F4C72BEA3FF600230DA6 /* FirebaseDatabase */ = {
			isa = XCSwiftPackageProductDependency;
			package = D737F4C42BEA3FF600230DA6 /* XCRemoteSwiftPackageReference "firebase-ios-sdk" */;
			productName = FirebaseDatabase;
		};
		D737F4C92BEA3FF600230DA6 /* FirebaseDatabaseSwift */ = {
			isa = XCSwiftPackageProductDependency;
			package = D737F4C42BEA3FF600230DA6 /* XCRemoteSwiftPackageReference "firebase-ios-sdk" */;
			productName = FirebaseDatabaseSwift;
		};
		D737F4CB2BEA3FF600230DA6 /* FirebaseFirestore */ = {
			isa = XCSwiftPackageProductDependency;
			package = D737F4C42BEA3FF600230DA6 /* XCRemoteSwiftPackageReference "firebase-ios-sdk" */;
			productName = FirebaseFirestore;
		};
		D737F4CD2BEA3FF600230DA6 /* FirebaseFirestoreSwift */ = {
			isa = XCSwiftPackageProductDependency;
			package = D737F4C42BEA3FF600230DA6 /* XCRemoteSwiftPackageReference "firebase-ios-sdk" */;
			productName = FirebaseFirestoreSwift;
		};
		D737F4CF2BEA3FF600230DA6 /* FirebaseStorage */ = {
			isa = XCSwiftPackageProductDependency;
			package = D737F4C42BEA3FF600230DA6 /* XCRemoteSwiftPackageReference "firebase-ios-sdk" */;
			productName = FirebaseStorage;
		};
		D737F4D32BEA44E700230DA6 /* GoogleSignIn */ = {
			isa = XCSwiftPackageProductDependency;
			package = D737F4D22BEA44E700230DA6 /* XCRemoteSwiftPackageReference "GoogleSignIn-iOS" */;
			productName = GoogleSignIn;
		};
		D737F4D52BEA44E700230DA6 /* GoogleSignInSwift */ = {
			isa = XCSwiftPackageProductDependency;
			package = D737F4D22BEA44E700230DA6 /* XCRemoteSwiftPackageReference "GoogleSignIn-iOS" */;
			productName = GoogleSignInSwift;
		};
		D737F4D82BEA453600230DA6 /* FacebookCore */ = {
			isa = XCSwiftPackageProductDependency;
			package = D737F4D72BEA453600230DA6 /* XCRemoteSwiftPackageReference "facebook-ios-sdk" */;
			productName = FacebookCore;
		};
		D737F4DA2BEA453600230DA6 /* FacebookLogin */ = {
			isa = XCSwiftPackageProductDependency;
			package = D737F4D72BEA453600230DA6 /* XCRemoteSwiftPackageReference "facebook-ios-sdk" */;
			productName = FacebookLogin;
		};
		D7F911CA2BF78424001EBF60 /* SDWebImage */ = {
			isa = XCSwiftPackageProductDependency;
			package = D7F911C92BF78423001EBF60 /* XCRemoteSwiftPackageReference "SDWebImage" */;
			productName = SDWebImage;
		};
/* End XCSwiftPackageProductDependency section */

/* Begin XCVersionGroup section */
		D7CDE8552BDF801F00A4AB8A /* Spotify_Clone.xcdatamodeld */ = {
			isa = XCVersionGroup;
			children = (
				D7CDE8562BDF801F00A4AB8A /* Spotify_Clone.xcdatamodel */,
			);
			currentVersion = D7CDE8562BDF801F00A4AB8A /* Spotify_Clone.xcdatamodel */;
			path = Spotify_Clone.xcdatamodeld;
			sourceTree = "<group>";
			versionGroupType = wrapper.xcdatamodel;
		};
/* End XCVersionGroup section */
	};
	rootObject = D7CDE8412BDF801F00A4AB8A /* Project object */;
}
